
Microsoft Visual Studio Solution File, Format Version 12.00
# Visual Studio Version 17
VisualStudioVersion = 17.0.31903.59
MinimumVisualStudioVersion = 10.0.40219.1
Project("{9A19103F-16F7-4668-BE54-9A1E7A4F7556}") = "Venly", "Venly.Core\Venly.csproj", "{6470A420-78D2-42F7-8156-8DACE6E702B6}"
EndProject
Global
	GlobalSection(SolutionConfigurationPlatforms) = preSolution
		Debug|Any CPU = Debug|Any CPU
		Release|Any CPU = Release|Any CPU
	EndGlobalSection
	GlobalSection(ProjectConfigurationPlatforms) = postSolution
		{6470A420-78D2-42F7-8156-8DACE6E702B6}.Debug|Any CPU.ActiveCfg = Debug|Any CPU
		{6470A420-78D2-42F7-8156-8DACE6E702B6}.Debug|Any CPU.Build.0 = Debug|Any CPU
		{6470A420-78D2-42F7-8156-8DACE6E702B6}.Release|Any CPU.ActiveCfg = Release|Any CPU
		{6470A420-78D2-42F7-8156-8DACE6E702B6}.Release|Any CPU.Build.0 = Release|Any CPU
	EndGlobalSection
	GlobalSection(SolutionProperties) = preSolution
		HideSolutionNode = FALSE
	EndGlobalSection
	GlobalSection(ExtensibilityGlobals) = postSolution
		SolutionGuid = {AE43EB23-37F6-480F-BBDB-6126BF364174}
	EndGlobalSection
EndGlobal
